
Microsoft Visual Studio Solution File, Format Version 12.00
# Visual Studio Version 17
VisualStudioVersion = 17.4.33213.308
MinimumVisualStudioVersion = 10.0.40219.1
Project("{FAE04EC0-301F-11D3-BF4B-00C04F79EFBC}") = "Pokedex", "Pokedex.csproj", "{38820147-18A6-464C-B61B-83C730634945}"
EndProject
Global
	GlobalSection(SolutionConfigurationPlatforms) = preSolution
		Debug|Any CPU = Debug|Any CPU
		Release|Any CPU = Release|Any CPU
	EndGlobalSection
	GlobalSection(ProjectConfigurationPlatforms) = postSolution
		{38820147-18A6-464C-B61B-83C730634945}.Debug|Any CPU.ActiveCfg = Debug|Any CPU
		{38820147-18A6-464C-B61B-83C730634945}.Debug|Any CPU.Build.0 = Debug|Any CPU
		{38820147-18A6-464C-B61B-83C730634945}.Release|Any CPU.ActiveCfg = Release|Any CPU
		{38820147-18A6-464C-B61B-83C730634945}.Release|Any CPU.Build.0 = Release|Any CPU
	EndGlobalSection
	GlobalSection(SolutionProperties) = preSolution
		HideSolutionNode = FALSE
	EndGlobalSection
	GlobalSection(ExtensibilityGlobals) = postSolution
		SolutionGuid = {5F0BC4CE-189D-45DA-B8AB-5D26B213C4D2}
	EndGlobalSection
EndGlobal
